// !$*UTF8*$!
{
	archiveVersion = 1;
	classes = {
	};
	objectVersion = 56;
	objects = {

/* Begin PBXBuildFile section */
		63B5AF8E28C5A28A00C93B62 /* NSArray+Random.m in Sources */ = {isa = PBXBuildFile; fileRef = 63B5AF8D28C5A28A00C93B62 /* NSArray+Random.m */; };
		63F2A8BF28C5040100976A72 /* NSArray+String.m in Sources */ = {isa = PBXBuildFile; fileRef = 63F2A8BE28C5040100976A72 /* NSArray+String.m */; };
		63F2A8C328C591A700976A72 /* GameCollectionCell.m in Sources */ = {isa = PBXBuildFile; fileRef = 63F2A8C228C591A700976A72 /* GameCollectionCell.m */; };
		63F2A8C728C594C000976A72 /* UIView+Toast.m in Sources */ = {isa = PBXBuildFile; fileRef = 63F2A8C628C594C000976A72 /* UIView+Toast.m */; };
		63F2AA3828C44F0500B091F7 /* AppDelegate.m in Sources */ = {isa = PBXBuildFile; fileRef = 63F2AA3728C44F0500B091F7 /* AppDelegate.m */; };
		63F2AA3B28C44F0500B091F7 /* SceneDelegate.m in Sources */ = {isa = PBXBuildFile; fileRef = 63F2AA3A28C44F0500B091F7 /* SceneDelegate.m */; };
		63F2AA3E28C44F0500B091F7 /* ViewController.m in Sources */ = {isa = PBXBuildFile; fileRef = 63F2AA3D28C44F0500B091F7 /* ViewController.m */; };
		63F2AA4128C44F0500B091F7 /* Main.storyboard in Resources */ = {isa = PBXBuildFile; fileRef = 63F2AA3F28C44F0500B091F7 /* Main.storyboard */; };
		63F2AA4328C44F0600B091F7 /* Assets.xcassets in Resources */ = {isa = PBXBuildFile; fileRef = 63F2AA4228C44F0600B091F7 /* Assets.xcassets */; };
		63F2AA4628C44F0600B091F7 /* LaunchScreen.storyboard in Resources */ = {isa = PBXBuildFile; fileRef = 63F2AA4428C44F0600B091F7 /* LaunchScreen.storyboard */; };
		63F2AA4928C44F0600B091F7 /* main.m in Sources */ = {isa = PBXBuildFile; fileRef = 63F2AA4828C44F0600B091F7 /* main.m */; };
		63F2AA5D28C44F0600B091F7 /* SpotItUITests.m in Sources */ = {isa = PBXBuildFile; fileRef = 63F2AA5C28C44F0600B091F7 /* SpotItUITests.m */; };
		63F2AA5F28C44F0600B091F7 /* SpotItUITestsLaunchTests.m in Sources */ = {isa = PBXBuildFile; fileRef = 63F2AA5E28C44F0600B091F7 /* SpotItUITestsLaunchTests.m */; };
		63F2AA6D28C450C700B091F7 /* SIGame.m in Sources */ = {isa = PBXBuildFile; fileRef = 63F2AA6C28C450C700B091F7 /* SIGame.m */; };
		63F2AA6F28C451B400B091F7 /* SIGameTests.m in Sources */ = {isa = PBXBuildFile; fileRef = 63F2AA6E28C451B400B091F7 /* SIGameTests.m */; };
/* End PBXBuildFile section */

/* Begin PBXContainerItemProxy section */
		63F2AA4F28C44F0600B091F7 /* PBXContainerItemProxy */ = {
			isa = PBXContainerItemProxy;
			containerPortal = 63F2AA2B28C44F0500B091F7 /* Project object */;
			proxyType = 1;
			remoteGlobalIDString = 63F2AA3228C44F0500B091F7;
			remoteInfo = SpotIt;
		};
		63F2AA5928C44F0600B091F7 /* PBXContainerItemProxy */ = {
			isa = PBXContainerItemProxy;
			containerPortal = 63F2AA2B28C44F0500B091F7 /* Project object */;
			proxyType = 1;
			remoteGlobalIDString = 63F2AA3228C44F0500B091F7;
			remoteInfo = SpotIt;
		};
/* End PBXContainerItemProxy section */

/* Begin PBXFileReference section */
		63B5AF8C28C5A28A00C93B62 /* NSArray+Random.h */ = {isa = PBXFileReference; lastKnownFileType = sourcecode.c.h; path = "NSArray+Random.h"; sourceTree = "<group>"; };
		63B5AF8D28C5A28A00C93B62 /* NSArray+Random.m */ = {isa = PBXFileReference; lastKnownFileType = sourcecode.c.objc; path = "NSArray+Random.m"; sourceTree = "<group>"; };
		63F2A8BD28C5040100976A72 /* NSArray+String.h */ = {isa = PBXFileReference; lastKnownFileType = sourcecode.c.h; path = "NSArray+String.h"; sourceTree = "<group>"; };
		63F2A8BE28C5040100976A72 /* NSArray+String.m */ = {isa = PBXFileReference; lastKnownFileType = sourcecode.c.objc; path = "NSArray+String.m"; sourceTree = "<group>"; };
		63F2A8C028C589D000976A72 /* UIStyle.h */ = {isa = PBXFileReference; lastKnownFileType = sourcecode.c.h; path = UIStyle.h; sourceTree = "<group>"; };
		63F2A8C128C591A700976A72 /* GameCollectionCell.h */ = {isa = PBXFileReference; lastKnownFileType = sourcecode.c.h; path = GameCollectionCell.h; sourceTree = "<group>"; };
		63F2A8C228C591A700976A72 /* GameCollectionCell.m */ = {isa = PBXFileReference; lastKnownFileType = sourcecode.c.objc; path = GameCollectionCell.m; sourceTree = "<group>"; };
		63F2A8C528C594C000976A72 /* UIView+Toast.h */ = {isa = PBXFileReference; fileEncoding = 4; lastKnownFileType = sourcecode.c.h; path = "UIView+Toast.h"; sourceTree = "<group>"; };
		63F2A8C628C594C000976A72 /* UIView+Toast.m */ = {isa = PBXFileReference; fileEncoding = 4; lastKnownFileType = sourcecode.c.objc; path = "UIView+Toast.m"; sourceTree = "<group>"; };
		63F2AA3328C44F0500B091F7 /* SpotIt.app */ = {isa = PBXFileReference; explicitFileType = wrapper.application; includeInIndex = 0; path = SpotIt.app; sourceTree = BUILT_PRODUCTS_DIR; };
		63F2AA3628C44F0500B091F7 /* AppDelegate.h */ = {isa = PBXFileReference; lastKnownFileType = sourcecode.c.h; path = AppDelegate.h; sourceTree = "<group>"; };
		63F2AA3728C44F0500B091F7 /* AppDelegate.m */ = {isa = PBXFileReference; lastKnownFileType = sourcecode.c.objc; path = AppDelegate.m; sourceTree = "<group>"; };
		63F2AA3928C44F0500B091F7 /* SceneDelegate.h */ = {isa = PBXFileReference; lastKnownFileType = sourcecode.c.h; path = SceneDelegate.h; sourceTree = "<group>"; };
		63F2AA3A28C44F0500B091F7 /* SceneDelegate.m */ = {isa = PBXFileReference; lastKnownFileType = sourcecode.c.objc; path = SceneDelegate.m; sourceTree = "<group>"; };
		63F2AA3C28C44F0500B091F7 /* ViewController.h */ = {isa = PBXFileReference; lastKnownFileType = sourcecode.c.h; path = ViewController.h; sourceTree = "<group>"; };
		63F2AA3D28C44F0500B091F7 /* ViewController.m */ = {isa = PBXFileReference; lastKnownFileType = sourcecode.c.objc; path = ViewController.m; sourceTree = "<group>"; };
		63F2AA4028C44F0500B091F7 /* Base */ = {isa = PBXFileReference; lastKnownFileType = file.storyboard; name = Base; path = Base.lproj/Main.storyboard; sourceTree = "<group>"; };
		63F2AA4228C44F0600B091F7 /* Assets.xcassets */ = {isa = PBXFileReference; lastKnownFileType = folder.assetcatalog; path = Assets.xcassets; sourceTree = "<group>"; };
		63F2AA4528C44F0600B091F7 /* Base */ = {isa = PBXFileReference; lastKnownFileType = file.storyboard; name = Base; path = Base.lproj/LaunchScreen.storyboard; sourceTree = "<group>"; };
		63F2AA4728C44F0600B091F7 /* Info.plist */ = {isa = PBXFileReference; lastKnownFileType = text.plist.xml; path = Info.plist; sourceTree = "<group>"; };
		63F2AA4828C44F0600B091F7 /* main.m */ = {isa = PBXFileReference; lastKnownFileType = sourcecode.c.objc; path = main.m; sourceTree = "<group>"; };
		63F2AA4E28C44F0600B091F7 /* SpotItTests.xctest */ = {isa = PBXFileReference; explicitFileType = wrapper.cfbundle; includeInIndex = 0; path = SpotItTests.xctest; sourceTree = BUILT_PRODUCTS_DIR; };
		63F2AA5828C44F0600B091F7 /* SpotItUITests.xctest */ = {isa = PBXFileReference; explicitFileType = wrapper.cfbundle; includeInIndex = 0; path = SpotItUITests.xctest; sourceTree = BUILT_PRODUCTS_DIR; };
		63F2AA5C28C44F0600B091F7 /* SpotItUITests.m */ = {isa = PBXFileReference; lastKnownFileType = sourcecode.c.objc; path = SpotItUITests.m; sourceTree = "<group>"; };
		63F2AA5E28C44F0600B091F7 /* SpotItUITestsLaunchTests.m */ = {isa = PBXFileReference; lastKnownFileType = sourcecode.c.objc; path = SpotItUITestsLaunchTests.m; sourceTree = "<group>"; };
		63F2AA6B28C450C700B091F7 /* SIGame.h */ = {isa = PBXFileReference; lastKnownFileType = sourcecode.c.h; path = SIGame.h; sourceTree = "<group>"; };
		63F2AA6C28C450C700B091F7 /* SIGame.m */ = {isa = PBXFileReference; lastKnownFileType = sourcecode.c.objc; path = SIGame.m; sourceTree = "<group>"; };
		63F2AA6E28C451B400B091F7 /* SIGameTests.m */ = {isa = PBXFileReference; lastKnownFileType = sourcecode.c.objc; path = SIGameTests.m; sourceTree = "<group>"; };
/* End PBXFileReference section */

/* Begin PBXFrameworksBuildPhase section */
		63F2AA3028C44F0500B091F7 /* Frameworks */ = {
			isa = PBXFrameworksBuildPhase;
			buildActionMask = 2147483647;
			files = (
			);
			runOnlyForDeploymentPostprocessing = 0;
		};
		63F2AA4B28C44F0600B091F7 /* Frameworks */ = {
			isa = PBXFrameworksBuildPhase;
			buildActionMask = 2147483647;
			files = (
			);
			runOnlyForDeploymentPostprocessing = 0;
		};
		63F2AA5528C44F0600B091F7 /* Frameworks */ = {
			isa = PBXFrameworksBuildPhase;
			buildActionMask = 2147483647;
			files = (
			);
			runOnlyForDeploymentPostprocessing = 0;
		};
/* End PBXFrameworksBuildPhase section */

/* Begin PBXGroup section */
		63F2A8C428C594C000976A72 /* Toast */ = {
			isa = PBXGroup;
			children = (
				63F2A8C528C594C000976A72 /* UIView+Toast.h */,
				63F2A8C628C594C000976A72 /* UIView+Toast.m */,
			);
			path = Toast;
			sourceTree = "<group>";
		};
		63F2AA2A28C44F0500B091F7 = {
			isa = PBXGroup;
			children = (
				63F2AA3528C44F0500B091F7 /* SpotIt */,
				63F2AA5128C44F0600B091F7 /* SpotItTests */,
				63F2AA5B28C44F0600B091F7 /* SpotItUITests */,
				63F2AA3428C44F0500B091F7 /* Products */,
			);
			sourceTree = "<group>";
		};
		63F2AA3428C44F0500B091F7 /* Products */ = {
			isa = PBXGroup;
			children = (
				63F2AA3328C44F0500B091F7 /* SpotIt.app */,
				63F2AA4E28C44F0600B091F7 /* SpotItTests.xctest */,
				63F2AA5828C44F0600B091F7 /* SpotItUITests.xctest */,
			);
			name = Products;
			sourceTree = "<group>";
		};
		63F2AA3528C44F0500B091F7 /* SpotIt */ = {
			isa = PBXGroup;
			children = (
				63F2A8C428C594C000976A72 /* Toast */,
				63F2A8C028C589D000976A72 /* UIStyle.h */,
				63F2AA3628C44F0500B091F7 /* AppDelegate.h */,
				63F2AA3728C44F0500B091F7 /* AppDelegate.m */,
				63F2AA3928C44F0500B091F7 /* SceneDelegate.h */,
				63F2AA3A28C44F0500B091F7 /* SceneDelegate.m */,
				63F2AA3C28C44F0500B091F7 /* ViewController.h */,
				63F2AA3D28C44F0500B091F7 /* ViewController.m */,
				63F2A8C128C591A700976A72 /* GameCollectionCell.h */,
				63F2A8C228C591A700976A72 /* GameCollectionCell.m */,
				63B5AF8C28C5A28A00C93B62 /* NSArray+Random.h */,
				63B5AF8D28C5A28A00C93B62 /* NSArray+Random.m */,
				63F2A8BD28C5040100976A72 /* NSArray+String.h */,
				63F2A8BE28C5040100976A72 /* NSArray+String.m */,
				63F2AA6B28C450C700B091F7 /* SIGame.h */,
				63F2AA6C28C450C700B091F7 /* SIGame.m */,
				63F2AA3F28C44F0500B091F7 /* Main.storyboard */,
				63F2AA4228C44F0600B091F7 /* Assets.xcassets */,
				63F2AA4428C44F0600B091F7 /* LaunchScreen.storyboard */,
				63F2AA4728C44F0600B091F7 /* Info.plist */,
				63F2AA4828C44F0600B091F7 /* main.m */,
			);
			path = SpotIt;
			sourceTree = "<group>";
		};
		63F2AA5128C44F0600B091F7 /* SpotItTests */ = {
			isa = PBXGroup;
			children = (
				63F2AA6E28C451B400B091F7 /* SIGameTests.m */,
			);
			path = SpotItTests;
			sourceTree = "<group>";
		};
		63F2AA5B28C44F0600B091F7 /* SpotItUITests */ = {
			isa = PBXGroup;
			children = (
				63F2AA5C28C44F0600B091F7 /* SpotItUITests.m */,
				63F2AA5E28C44F0600B091F7 /* SpotItUITestsLaunchTests.m */,
			);
			path = SpotItUITests;
			sourceTree = "<group>";
		};
/* End PBXGroup section */

/* Begin PBXNativeTarget section */
		63F2AA3228C44F0500B091F7 /* SpotIt */ = {
			isa = PBXNativeTarget;
			buildConfigurationList = 63F2AA6228C44F0600B091F7 /* Build configuration list for PBXNativeTarget "SpotIt" */;
			buildPhases = (
				63F2AA2F28C44F0500B091F7 /* Sources */,
				63F2AA3028C44F0500B091F7 /* Frameworks */,
				63F2AA3128C44F0500B091F7 /* Resources */,
			);
			buildRules = (
			);
			dependencies = (
			);
			name = SpotIt;
			productName = SpotIt;
			productReference = 63F2AA3328C44F0500B091F7 /* SpotIt.app */;
			productType = "com.apple.product-type.application";
		};
		63F2AA4D28C44F0600B091F7 /* SpotItTests */ = {
			isa = PBXNativeTarget;
			buildConfigurationList = 63F2AA6528C44F0600B091F7 /* Build configuration list for PBXNativeTarget "SpotItTests" */;
			buildPhases = (
				63F2AA4A28C44F0600B091F7 /* Sources */,
				63F2AA4B28C44F0600B091F7 /* Frameworks */,
				63F2AA4C28C44F0600B091F7 /* Resources */,
			);
			buildRules = (
			);
			dependencies = (
				63F2AA5028C44F0600B091F7 /* PBXTargetDependency */,
			);
			name = SpotItTests;
			productName = SpotItTests;
			productReference = 63F2AA4E28C44F0600B091F7 /* SpotItTests.xctest */;
			productType = "com.apple.product-type.bundle.unit-test";
		};
		63F2AA5728C44F0600B091F7 /* SpotItUITests */ = {
			isa = PBXNativeTarget;
			buildConfigurationList = 63F2AA6828C44F0600B091F7 /* Build configuration list for PBXNativeTarget "SpotItUITests" */;
			buildPhases = (
				63F2AA5428C44F0600B091F7 /* Sources */,
				63F2AA5528C44F0600B091F7 /* Frameworks */,
				63F2AA5628C44F0600B091F7 /* Resources */,
			);
			buildRules = (
			);
			dependencies = (
				63F2AA5A28C44F0600B091F7 /* PBXTargetDependency */,
			);
			name = SpotItUITests;
			productName = SpotItUITests;
			productReference = 63F2AA5828C44F0600B091F7 /* SpotItUITests.xctest */;
			productType = "com.apple.product-type.bundle.ui-testing";
		};
/* End PBXNativeTarget section */

/* Begin PBXProject section */
		63F2AA2B28C44F0500B091F7 /* Project object */ = {
			isa = PBXProject;
			attributes = {
				BuildIndependentTargetsInParallel = 1;
				LastUpgradeCheck = 1400;
				TargetAttributes = {
					63F2AA3228C44F0500B091F7 = {
						CreatedOnToolsVersion = 14.0;
					};
					63F2AA4D28C44F0600B091F7 = {
						CreatedOnToolsVersion = 14.0;
						TestTargetID = 63F2AA3228C44F0500B091F7;
					};
					63F2AA5728C44F0600B091F7 = {
						CreatedOnToolsVersion = 14.0;
						TestTargetID = 63F2AA3228C44F0500B091F7;
					};
				};
			};
			buildConfigurationList = 63F2AA2E28C44F0500B091F7 /* Build configuration list for PBXProject "SpotIt" */;
			compatibilityVersion = "Xcode 14.0";
			developmentRegion = en;
			hasScannedForEncodings = 0;
			knownRegions = (
				en,
				Base,
			);
			mainGroup = 63F2AA2A28C44F0500B091F7;
			productRefGroup = 63F2AA3428C44F0500B091F7 /* Products */;
			projectDirPath = "";
			projectRoot = "";
			targets = (
				63F2AA3228C44F0500B091F7 /* SpotIt */,
				63F2AA4D28C44F0600B091F7 /* SpotItTests */,
				63F2AA5728C44F0600B091F7 /* SpotItUITests */,
			);
		};
/* End PBXProject section */

/* Begin PBXResourcesBuildPhase section */
		63F2AA3128C44F0500B091F7 /* Resources */ = {
			isa = PBXResourcesBuildPhase;
			buildActionMask = 2147483647;
			files = (
				63F2AA4628C44F0600B091F7 /* LaunchScreen.storyboard in Resources */,
				63F2AA4328C44F0600B091F7 /* Assets.xcassets in Resources */,
				63F2AA4128C44F0500B091F7 /* Main.storyboard in Resources */,
			);
			runOnlyForDeploymentPostprocessing = 0;
		};
		63F2AA4C28C44F0600B091F7 /* Resources */ = {
			isa = PBXResourcesBuildPhase;
			buildActionMask = 2147483647;
			files = (
			);
			runOnlyForDeploymentPostprocessing = 0;
		};
		63F2AA5628C44F0600B091F7 /* Resources */ = {
			isa = PBXResourcesBuildPhase;
			buildActionMask = 2147483647;
			files = (
			);
			runOnlyForDeploymentPostprocessing = 0;
		};
/* End PBXResourcesBuildPhase section */

/* Begin PBXSourcesBuildPhase section */
		63F2AA2F28C44F0500B091F7 /* Sources */ = {
			isa = PBXSourcesBuildPhase;
			buildActionMask = 2147483647;
			files = (
				63F2A8C728C594C000976A72 /* UIView+Toast.m in Sources */,
				63F2AA3E28C44F0500B091F7 /* ViewController.m in Sources */,
				63F2A8C328C591A700976A72 /* GameCollectionCell.m in Sources */,
				63B5AF8E28C5A28A00C93B62 /* NSArray+Random.m in Sources */,
				63F2A8BF28C5040100976A72 /* NSArray+String.m in Sources */,
				63F2AA3828C44F0500B091F7 /* AppDelegate.m in Sources */,
				63F2AA4928C44F0600B091F7 /* main.m in Sources */,
				63F2AA6D28C450C700B091F7 /* SIGame.m in Sources */,
				63F2AA3B28C44F0500B091F7 /* SceneDelegate.m in Sources */,
			);
			runOnlyForDeploymentPostprocessing = 0;
		};
		63F2AA4A28C44F0600B091F7 /* Sources */ = {
			isa = PBXSourcesBuildPhase;
			buildActionMask = 2147483647;
			files = (
				63F2AA6F28C451B400B091F7 /* SIGameTests.m in Sources */,
			);
			runOnlyForDeploymentPostprocessing = 0;
		};
		63F2AA5428C44F0600B091F7 /* Sources */ = {
			isa = PBXSourcesBuildPhase;
			buildActionMask = 2147483647;
			files = (
				63F2AA5D28C44F0600B091F7 /* SpotItUITests.m in Sources */,
				63F2AA5F28C44F0600B091F7 /* SpotItUITestsLaunchTests.m in Sources */,
			);
			runOnlyForDeploymentPostprocessing = 0;
		};
/* End PBXSourcesBuildPhase section */

/* Begin PBXTargetDependency section */
		63F2AA5028C44F0600B091F7 /* PBXTargetDependency */ = {
			isa = PBXTargetDependency;
			target = 63F2AA3228C44F0500B091F7 /* SpotIt */;
			targetProxy = 63F2AA4F28C44F0600B091F7 /* PBXContainerItemProxy */;
		};
		63F2AA5A28C44F0600B091F7 /* PBXTargetDependency */ = {
			isa = PBXTargetDependency;
			target = 63F2AA3228C44F0500B091F7 /* SpotIt */;
			targetProxy = 63F2AA5928C44F0600B091F7 /* PBXContainerItemProxy */;
		};
/* End PBXTargetDependency section */

/* Begin PBXVariantGroup section */
		63F2AA3F28C44F0500B091F7 /* Main.storyboard */ = {
			isa = PBXVariantGroup;
			children = (
				63F2AA4028C44F0500B091F7 /* Base */,
			);
			name = Main.storyboard;
			sourceTree = "<group>";
		};
		63F2AA4428C44F0600B091F7 /* LaunchScreen.storyboard */ = {
			isa = PBXVariantGroup;
			children = (
				63F2AA4528C44F0600B091F7 /* Base */,
			);
			name = LaunchScreen.storyboard;
			sourceTree = "<group>";
		};
/* End PBXVariantGroup section */

/* Begin XCBuildConfiguration section */
		63F2AA6028C44F0600B091F7 /* Debug */ = {
			isa = XCBuildConfiguration;
			buildSettings = {
				ALWAYS_SEARCH_USER_PATHS = NO;
				CLANG_ANALYZER_NONNULL = YES;
				CLANG_ANALYZER_NUMBER_OBJECT_CONVERSION = YES_AGGRESSIVE;
				CLANG_CXX_LANGUAGE_STANDARD = "gnu++20";
				CLANG_ENABLE_MODULES = YES;
				CLANG_ENABLE_OBJC_ARC = YES;
				CLANG_ENABLE_OBJC_WEAK = YES;
				CLANG_WARN_BLOCK_CAPTURE_AUTORELEASING = YES;
				CLANG_WARN_BOOL_CONVERSION = YES;
				CLANG_WARN_COMMA = YES;
				CLANG_WARN_CONSTANT_CONVERSION = YES;
				CLANG_WARN_DEPRECATED_OBJC_IMPLEMENTATIONS = YES;
				CLANG_WARN_DIRECT_OBJC_ISA_USAGE = YES_ERROR;
				CLANG_WARN_DOCUMENTATION_COMMENTS = YES;
				CLANG_WARN_EMPTY_BODY = YES;
				CLANG_WARN_ENUM_CONVERSION = YES;
				CLANG_WARN_INFINITE_RECURSION = YES;
				CLANG_WARN_INT_CONVERSION = YES;
				CLANG_WARN_NON_LITERAL_NULL_CONVERSION = YES;
				CLANG_WARN_OBJC_IMPLICIT_RETAIN_SELF = YES;
				CLANG_WARN_OBJC_LITERAL_CONVERSION = YES;
				CLANG_WARN_OBJC_ROOT_CLASS = YES_ERROR;
				CLANG_WARN_QUOTED_INCLUDE_IN_FRAMEWORK_HEADER = YES;
				CLANG_WARN_RANGE_LOOP_ANALYSIS = YES;
				CLANG_WARN_STRICT_PROTOTYPES = YES;
				CLANG_WARN_SUSPICIOUS_MOVE = YES;
				CLANG_WARN_UNGUARDED_AVAILABILITY = YES_AGGRESSIVE;
				CLANG_WARN_UNREACHABLE_CODE = YES;
				CLANG_WARN__DUPLICATE_METHOD_MATCH = YES;
				COPY_PHASE_STRIP = NO;
				DEBUG_INFORMATION_FORMAT = dwarf;
				ENABLE_STRICT_OBJC_MSGSEND = YES;
				ENABLE_TESTABILITY = YES;
				GCC_C_LANGUAGE_STANDARD = gnu11;
				GCC_DYNAMIC_NO_PIC = NO;
				GCC_NO_COMMON_BLOCKS = YES;
				GCC_OPTIMIZATION_LEVEL = 0;
				GCC_PREPROCESSOR_DEFINITIONS = (
					"DEBUG=1",
					"$(inherited)",
				);
				GCC_WARN_64_TO_32_BIT_CONVERSION = YES;
				GCC_WARN_ABOUT_RETURN_TYPE = YES_ERROR;
				GCC_WARN_UNDECLARED_SELECTOR = YES;
				GCC_WARN_UNINITIALIZED_AUTOS = YES_AGGRESSIVE;
				GCC_WARN_UNUSED_FUNCTION = YES;
				GCC_WARN_UNUSED_VARIABLE = YES;
				IPHONEOS_DEPLOYMENT_TARGET = 16.0;
				MTL_ENABLE_DEBUG_INFO = INCLUDE_SOURCE;
				MTL_FAST_MATH = YES;
				ONLY_ACTIVE_ARCH = YES;
				SDKROOT = iphoneos;
			};
			name = Debug;
		};
		63F2AA6128C44F0600B091F7 /* Release */ = {
			isa = XCBuildConfiguration;
			buildSettings = {
				ALWAYS_SEARCH_USER_PATHS = NO;
				CLANG_ANALYZER_NONNULL = YES;
				CLANG_ANALYZER_NUMBER_OBJECT_CONVERSION = YES_AGGRESSIVE;
				CLANG_CXX_LANGUAGE_STANDARD = "gnu++20";
				CLANG_ENABLE_MODULES = YES;
				CLANG_ENABLE_OBJC_ARC = YES;
				CLANG_ENABLE_OBJC_WEAK = YES;
				CLANG_WARN_BLOCK_CAPTURE_AUTORELEASING = YES;
				CLANG_WARN_BOOL_CONVERSION = YES;
				CLANG_WARN_COMMA = YES;
				CLANG_WARN_CONSTANT_CONVERSION = YES;
				CLANG_WARN_DEPRECATED_OBJC_IMPLEMENTATIONS = YES;
				CLANG_WARN_DIRECT_OBJC_ISA_USAGE = YES_ERROR;
				CLANG_WARN_DOCUMENTATION_COMMENTS = YES;
				CLANG_WARN_EMPTY_BODY = YES;
				CLANG_WARN_ENUM_CONVERSION = YES;
				CLANG_WARN_INFINITE_RECURSION = YES;
				CLANG_WARN_INT_CONVERSION = YES;
				CLANG_WARN_NON_LITERAL_NULL_CONVERSION = YES;
				CLANG_WARN_OBJC_IMPLICIT_RETAIN_SELF = YES;
				CLANG_WARN_OBJC_LITERAL_CONVERSION = YES;
				CLANG_WARN_OBJC_ROOT_CLASS = YES_ERROR;
				CLANG_WARN_QUOTED_INCLUDE_IN_FRAMEWORK_HEADER = YES;
				CLANG_WARN_RANGE_LOOP_ANALYSIS = YES;
				CLANG_WARN_STRICT_PROTOTYPES = YES;
				CLANG_WARN_SUSPICIOUS_MOVE = YES;
				CLANG_WARN_UNGUARDED_AVAILABILITY = YES_AGGRESSIVE;
				CLANG_WARN_UNREACHABLE_CODE = YES;
				CLANG_WARN__DUPLICATE_METHOD_MATCH = YES;
				COPY_PHASE_STRIP = NO;
				DEBUG_INFORMATION_FORMAT = "dwarf-with-dsym";
				ENABLE_NS_ASSERTIONS = NO;
				ENABLE_STRICT_OBJC_MSGSEND = YES;
				GCC_C_LANGUAGE_STANDARD = gnu11;
				GCC_NO_COMMON_BLOCKS = YES;
				GCC_WARN_64_TO_32_BIT_CONVERSION = YES;
				GCC_WARN_ABOUT_RETURN_TYPE = YES_ERROR;
				GCC_WARN_UNDECLARED_SELECTOR = YES;
				GCC_WARN_UNINITIALIZED_AUTOS = YES_AGGRESSIVE;
				GCC_WARN_UNUSED_FUNCTION = YES;
				GCC_WARN_UNUSED_VARIABLE = YES;
				IPHONEOS_DEPLOYMENT_TARGET = 16.0;
				MTL_ENABLE_DEBUG_INFO = NO;
				MTL_FAST_MATH = YES;
				SDKROOT = iphoneos;
				VALIDATE_PRODUCT = YES;
			};
			name = Release;
		};
		63F2AA6328C44F0600B091F7 /* Debug */ = {
			isa = XCBuildConfiguration;
			buildSettings = {
				ASSETCATALOG_COMPILER_APPICON_NAME = AppIcon;
				ASSETCATALOG_COMPILER_GLOBAL_ACCENT_COLOR_NAME = AccentColor;
				CODE_SIGN_STYLE = Automatic;
				CURRENT_PROJECT_VERSION = 1;
				DEVELOPMENT_TEAM = P5M2XEQ4ZK;
				GENERATE_INFOPLIST_FILE = YES;
				INFOPLIST_FILE = SpotIt/Info.plist;
				INFOPLIST_KEY_UIApplicationSupportsIndirectInputEvents = YES;
				INFOPLIST_KEY_UILaunchStoryboardName = LaunchScreen;
				INFOPLIST_KEY_UIMainStoryboardFile = Main;
				INFOPLIST_KEY_UISupportedInterfaceOrientations_iPad = "UIInterfaceOrientationPortrait UIInterfaceOrientationPortraitUpsideDown UIInterfaceOrientationLandscapeLeft UIInterfaceOrientationLandscapeRight";
				INFOPLIST_KEY_UISupportedInterfaceOrientations_iPhone = "UIInterfaceOrientationPortrait UIInterfaceOrientationLandscapeLeft UIInterfaceOrientationLandscapeRight";
				LD_RUNPATH_SEARCH_PATHS = (
					"$(inherited)",
					"@executable_path/Frameworks",
				);
				MARKETING_VERSION = 1.0;
				PRODUCT_BUNDLE_IDENTIFIER = com.tencent.resourceanalyse.SpotIt;
				PRODUCT_NAME = "$(TARGET_NAME)";
				SWIFT_EMIT_LOC_STRINGS = YES;
				TARGETED_DEVICE_FAMILY = "1,2";
			};
			name = Debug;
		};
		63F2AA6428C44F0600B091F7 /* Release */ = {
			isa = XCBuildConfiguration;
			buildSettings = {
				ASSETCATALOG_COMPILER_APPICON_NAME = AppIcon;
				ASSETCATALOG_COMPILER_GLOBAL_ACCENT_COLOR_NAME = AccentColor;
				CODE_SIGN_STYLE = Automatic;
				CURRENT_PROJECT_VERSION = 1;
				DEVELOPMENT_TEAM = P5M2XEQ4ZK;
				GENERATE_INFOPLIST_FILE = YES;
				INFOPLIST_FILE = SpotIt/Info.plist;
				INFOPLIST_KEY_UIApplicationSupportsIndirectInputEvents = YES;
				INFOPLIST_KEY_UILaunchStoryboardName = LaunchScreen;
				INFOPLIST_KEY_UIMainStoryboardFile = Main;
				INFOPLIST_KEY_UISupportedInterfaceOrientations_iPad = "UIInterfaceOrientationPortrait UIInterfaceOrientationPortraitUpsideDown UIInterfaceOrientationLandscapeLeft UIInterfaceOrientationLandscapeRight";
				INFOPLIST_KEY_UISupportedInterfaceOrientations_iPhone = "UIInterfaceOrientationPortrait UIInterfaceOrientationLandscapeLeft UIInterfaceOrientationLandscapeRight";
				LD_RUNPATH_SEARCH_PATHS = (
					"$(inherited)",
					"@executable_path/Frameworks",
				);
				MARKETING_VERSION = 1.0;
				PRODUCT_BUNDLE_IDENTIFIER = com.tencent.resourceanalyse.SpotIt;
				PRODUCT_NAME = "$(TARGET_NAME)";
				SWIFT_EMIT_LOC_STRINGS = YES;
				TARGETED_DEVICE_FAMILY = "1,2";
			};
			name = Release;
		};
		63F2AA6628C44F0600B091F7 /* Debug */ = {
			isa = XCBuildConfiguration;
			buildSettings = {
				BUNDLE_LOADER = "$(TEST_HOST)";
				CODE_SIGN_STYLE = Automatic;
				CURRENT_PROJECT_VERSION = 1;
				DEVELOPMENT_TEAM = 64R6FJSW7Q;
				GENERATE_INFOPLIST_FILE = YES;
				IPHONEOS_DEPLOYMENT_TARGET = 16.0;
				MARKETING_VERSION = 1.0;
				PRODUCT_BUNDLE_IDENTIFIER = com.tencent.resourceanalyse.SpotItTests;
				PRODUCT_NAME = "$(TARGET_NAME)";
				SWIFT_EMIT_LOC_STRINGS = NO;
				TARGETED_DEVICE_FAMILY = "1,2";
				TEST_HOST = "$(BUILT_PRODUCTS_DIR)/SpotIt.app/$(BUNDLE_EXECUTABLE_FOLDER_PATH)/SpotIt";
			};
			name = Debug;
		};
		63F2AA6728C44F0600B091F7 /* Release */ = {
			isa = XCBuildConfiguration;
			buildSettings = {
				BUNDLE_LOADER = "$(TEST_HOST)";
				CODE_SIGN_STYLE = Automatic;
				CURRENT_PROJECT_VERSION = 1;
				DEVELOPMENT_TEAM = 64R6FJSW7Q;
				GENERATE_INFOPLIST_FILE = YES;
				IPHONEOS_DEPLOYMENT_TARGET = 16.0;
				MARKETING_VERSION = 1.0;
				PRODUCT_BUNDLE_IDENTIFIER = com.tencent.resourceanalyse.SpotItTests;
				PRODUCT_NAME = "$(TARGET_NAME)";
				SWIFT_EMIT_LOC_STRINGS = NO;
				TARGETED_DEVICE_FAMILY = "1,2";
				TEST_HOST = "$(BUILT_PRODUCTS_DIR)/SpotIt.app/$(BUNDLE_EXECUTABLE_FOLDER_PATH)/SpotIt";
			};
			name = Release;
		};
		63F2AA6928C44F0600B091F7 /* Debug */ = {
			isa = XCBuildConfiguration;
			buildSettings = {
				CODE_SIGN_STYLE = Automatic;
				CURRENT_PROJECT_VERSION = 1;
				DEVELOPMENT_TEAM = 64R6FJSW7Q;
				GENERATE_INFOPLIST_FILE = YES;
				MARKETING_VERSION = 1.0;
				PRODUCT_BUNDLE_IDENTIFIER = com.tencent.resourceanalyse.SpotItUITests;
				PRODUCT_NAME = "$(TARGET_NAME)";
				SWIFT_EMIT_LOC_STRINGS = NO;
				TARGETED_DEVICE_FAMILY = "1,2";
				TEST_TARGET_NAME = SpotIt;
			};
			name = Debug;
		};
		63F2AA6A28C44F0600B091F7 /* Release */ = {
			isa = XCBuildConfiguration;
			buildSettings = {
				CODE_SIGN_STYLE = Automatic;
				CURRENT_PROJECT_VERSION = 1;
				DEVELOPMENT_TEAM = 64R6FJSW7Q;
				GENERATE_INFOPLIST_FILE = YES;
				MARKETING_VERSION = 1.0;
				PRODUCT_BUNDLE_IDENTIFIER = com.tencent.resourceanalyse.SpotItUITests;
				PRODUCT_NAME = "$(TARGET_NAME)";
				SWIFT_EMIT_LOC_STRINGS = NO;
				TARGETED_DEVICE_FAMILY = "1,2";
				TEST_TARGET_NAME = SpotIt;
			};
			name = Release;
		};
/* End XCBuildConfiguration section */

/* Begin XCConfigurationList section */
		63F2AA2E28C44F0500B091F7 /* Build configuration list for PBXProject "SpotIt" */ = {
			isa = XCConfigurationList;
			buildConfigurations = (
				63F2AA6028C44F0600B091F7 /* Debug */,
				63F2AA6128C44F0600B091F7 /* Release */,
			);
			defaultConfigurationIsVisible = 0;
			defaultConfigurationName = Release;
		};
		63F2AA6228C44F0600B091F7 /* Build configuration list for PBXNativeTarget "SpotIt" */ = {
			isa = XCConfigurationList;
			buildConfigurations = (
				63F2AA6328C44F0600B091F7 /* Debug */,
				63F2AA6428C44F0600B091F7 /* Release */,
			);
			defaultConfigurationIsVisible = 0;
			defaultConfigurationName = Release;
		};
		63F2AA6528C44F0600B091F7 /* Build configuration list for PBXNativeTarget "SpotItTests" */ = {
			isa = XCConfigurationList;
			buildConfigurations = (
				63F2AA6628C44F0600B091F7 /* Debug */,
				63F2AA6728C44F0600B091F7 /* Release */,
			);
			defaultConfigurationIsVisible = 0;
			defaultConfigurationName = Release;
		};
		63F2AA6828C44F0600B091F7 /* Build configuration list for PBXNativeTarget "SpotItUITests" */ = {
			isa = XCConfigurationList;
			buildConfigurations = (
				63F2AA6928C44F0600B091F7 /* Debug */,
				63F2AA6A28C44F0600B091F7 /* Release */,
			);
			defaultConfigurationIsVisible = 0;
			defaultConfigurationName = Release;
		};
/* End XCConfigurationList section */
	};
	rootObject = 63F2AA2B28C44F0500B091F7 /* Project object */;
}
