// !$*UTF8*$!
{
	archiveVersion = 1;
	classes = {
	};
	objectVersion = 55;
	objects = {

/* Begin PBXBuildFile section */
		630DADA528C5AA86002918EC /* AppDelegate.m in Sources */ = {isa = PBXBuildFile; fileRef = 630DADA428C5AA86002918EC /* AppDelegate.m */; };
		630DADA828C5AA86002918EC /* SceneDelegate.m in Sources */ = {isa = PBXBuildFile; fileRef = 630DADA728C5AA86002918EC /* SceneDelegate.m */; };
		630DADAB28C5AA86002918EC /* ViewController.m in Sources */ = {isa = PBXBuildFile; fileRef = 630DADAA28C5AA86002918EC /* ViewController.m */; };
		630DADAE28C5AA86002918EC /* Main.storyboard in Resources */ = {isa = PBXBuildFile; fileRef = 630DADAC28C5AA86002918EC /* Main.storyboard */; };
		630DADB028C5AA87002918EC /* Assets.xcassets in Resources */ = {isa = PBXBuildFile; fileRef = 630DADAF28C5AA87002918EC /* Assets.xcassets */; };
		630DADB328C5AA87002918EC /* LaunchScreen.storyboard in Resources */ = {isa = PBXBuildFile; fileRef = 630DADB128C5AA87002918EC /* LaunchScreen.storyboard */; };
		630DADB628C5AA87002918EC /* main.m in Sources */ = {isa = PBXBuildFile; fileRef = 630DADB528C5AA87002918EC /* main.m */; };
		630DADC028C5AA87002918EC /* SpotItTests.m in Sources */ = {isa = PBXBuildFile; fileRef = 630DADBF28C5AA87002918EC /* SpotItTests.m */; };
		630DADCA28C5AA87002918EC /* SpotItUITests.m in Sources */ = {isa = PBXBuildFile; fileRef = 630DADC928C5AA87002918EC /* SpotItUITests.m */; };
		630DADCC28C5AA87002918EC /* SpotItUITestsLaunchTests.m in Sources */ = {isa = PBXBuildFile; fileRef = 630DADCB28C5AA87002918EC /* SpotItUITestsLaunchTests.m */; };
		630DADDC28C5AA92002918EC /* UIView+Toast.m in Sources */ = {isa = PBXBuildFile; fileRef = 630DADDA28C5AA92002918EC /* UIView+Toast.m */; };
		630DADE528C5AAAD002918EC /* NSArray+Random.m in Sources */ = {isa = PBXBuildFile; fileRef = 630DADDD28C5AAAD002918EC /* NSArray+Random.m */; };
		630DADE628C5AAAD002918EC /* NSArray+String.m in Sources */ = {isa = PBXBuildFile; fileRef = 630DADDF28C5AAAD002918EC /* NSArray+String.m */; };
		630DADE728C5AAAD002918EC /* SIGame.m in Sources */ = {isa = PBXBuildFile; fileRef = 630DADE228C5AAAD002918EC /* SIGame.m */; };
		630DADE828C5AAAD002918EC /* GameCollectionCell.m in Sources */ = {isa = PBXBuildFile; fileRef = 630DADE428C5AAAD002918EC /* GameCollectionCell.m */; };
/* End PBXBuildFile section */

/* Begin PBXContainerItemProxy section */
		630DADBC28C5AA87002918EC /* PBXContainerItemProxy */ = {
			isa = PBXContainerItemProxy;
			containerPortal = 630DAD9828C5AA86002918EC /* Project object */;
			proxyType = 1;
			remoteGlobalIDString = 630DAD9F28C5AA86002918EC;
			remoteInfo = SpotIt;
		};
		630DADC628C5AA87002918EC /* PBXContainerItemProxy */ = {
			isa = PBXContainerItemProxy;
			containerPortal = 630DAD9828C5AA86002918EC /* Project object */;
			proxyType = 1;
			remoteGlobalIDString = 630DAD9F28C5AA86002918EC;
			remoteInfo = SpotIt;
		};
/* End PBXContainerItemProxy section */

/* Begin PBXFileReference section */
		630DADA028C5AA86002918EC /* SpotIt.app */ = {isa = PBXFileReference; explicitFileType = wrapper.application; includeInIndex = 0; path = SpotIt.app; sourceTree = BUILT_PRODUCTS_DIR; };
		630DADA328C5AA86002918EC /* AppDelegate.h */ = {isa = PBXFileReference; lastKnownFileType = sourcecode.c.h; path = AppDelegate.h; sourceTree = "<group>"; };
		630DADA428C5AA86002918EC /* AppDelegate.m */ = {isa = PBXFileReference; lastKnownFileType = sourcecode.c.objc; path = AppDelegate.m; sourceTree = "<group>"; };
		630DADA628C5AA86002918EC /* SceneDelegate.h */ = {isa = PBXFileReference; lastKnownFileType = sourcecode.c.h; path = SceneDelegate.h; sourceTree = "<group>"; };
		630DADA728C5AA86002918EC /* SceneDelegate.m */ = {isa = PBXFileReference; lastKnownFileType = sourcecode.c.objc; path = SceneDelegate.m; sourceTree = "<group>"; };
		630DADA928C5AA86002918EC /* ViewController.h */ = {isa = PBXFileReference; lastKnownFileType = sourcecode.c.h; path = ViewController.h; sourceTree = "<group>"; };
		630DADAA28C5AA86002918EC /* ViewController.m */ = {isa = PBXFileReference; lastKnownFileType = sourcecode.c.objc; path = ViewController.m; sourceTree = "<group>"; };
		630DADAD28C5AA86002918EC /* Base */ = {isa = PBXFileReference; lastKnownFileType = file.storyboard; name = Base; path = Base.lproj/Main.storyboard; sourceTree = "<group>"; };
		630DADAF28C5AA87002918EC /* Assets.xcassets */ = {isa = PBXFileReference; lastKnownFileType = folder.assetcatalog; path = Assets.xcassets; sourceTree = "<group>"; };
		630DADB228C5AA87002918EC /* Base */ = {isa = PBXFileReference; lastKnownFileType = file.storyboard; name = Base; path = Base.lproj/LaunchScreen.storyboard; sourceTree = "<group>"; };
		630DADB428C5AA87002918EC /* Info.plist */ = {isa = PBXFileReference; lastKnownFileType = text.plist.xml; path = Info.plist; sourceTree = "<group>"; };
		630DADB528C5AA87002918EC /* main.m */ = {isa = PBXFileReference; lastKnownFileType = sourcecode.c.objc; path = main.m; sourceTree = "<group>"; };
		630DADBB28C5AA87002918EC /* SpotItTests.xctest */ = {isa = PBXFileReference; explicitFileType = wrapper.cfbundle; includeInIndex = 0; path = SpotItTests.xctest; sourceTree = BUILT_PRODUCTS_DIR; };
		630DADBF28C5AA87002918EC /* SpotItTests.m */ = {isa = PBXFileReference; lastKnownFileType = sourcecode.c.objc; path = SpotItTests.m; sourceTree = "<group>"; };
		630DADC528C5AA87002918EC /* SpotItUITests.xctest */ = {isa = PBXFileReference; explicitFileType = wrapper.cfbundle; includeInIndex = 0; path = SpotItUITests.xctest; sourceTree = BUILT_PRODUCTS_DIR; };
		630DADC928C5AA87002918EC /* SpotItUITests.m */ = {isa = PBXFileReference; lastKnownFileType = sourcecode.c.objc; path = SpotItUITests.m; sourceTree = "<group>"; };
		630DADCB28C5AA87002918EC /* SpotItUITestsLaunchTests.m */ = {isa = PBXFileReference; lastKnownFileType = sourcecode.c.objc; path = SpotItUITestsLaunchTests.m; sourceTree = "<group>"; };
		630DADD928C5AA92002918EC /* UIView+Toast.h */ = {isa = PBXFileReference; fileEncoding = 4; lastKnownFileType = sourcecode.c.h; path = "UIView+Toast.h"; sourceTree = "<group>"; };
		630DADDA28C5AA92002918EC /* UIView+Toast.m */ = {isa = PBXFileReference; fileEncoding = 4; lastKnownFileType = sourcecode.c.objc; path = "UIView+Toast.m"; sourceTree = "<group>"; };
		630DADDB28C5AA92002918EC /* UIStyle.h */ = {isa = PBXFileReference; fileEncoding = 4; lastKnownFileType = sourcecode.c.h; path = UIStyle.h; sourceTree = "<group>"; };
		630DADDD28C5AAAD002918EC /* NSArray+Random.m */ = {isa = PBXFileReference; fileEncoding = 4; lastKnownFileType = sourcecode.c.objc; path = "NSArray+Random.m"; sourceTree = "<group>"; };
		630DADDE28C5AAAD002918EC /* GameCollectionCell.h */ = {isa = PBXFileReference; fileEncoding = 4; lastKnownFileType = sourcecode.c.h; path = GameCollectionCell.h; sourceTree = "<group>"; };
		630DADDF28C5AAAD002918EC /* NSArray+String.m */ = {isa = PBXFileReference; fileEncoding = 4; lastKnownFileType = sourcecode.c.objc; path = "NSArray+String.m"; sourceTree = "<group>"; };
		630DADE028C5AAAD002918EC /* NSArray+Random.h */ = {isa = PBXFileReference; fileEncoding = 4; lastKnownFileType = sourcecode.c.h; path = "NSArray+Random.h"; sourceTree = "<group>"; };
		630DADE128C5AAAD002918EC /* NSArray+String.h */ = {isa = PBXFileReference; fileEncoding = 4; lastKnownFileType = sourcecode.c.h; path = "NSArray+String.h"; sourceTree = "<group>"; };
		630DADE228C5AAAD002918EC /* SIGame.m */ = {isa = PBXFileReference; fileEncoding = 4; lastKnownFileType = sourcecode.c.objc; path = SIGame.m; sourceTree = "<group>"; };
		630DADE328C5AAAD002918EC /* SIGame.h */ = {isa = PBXFileReference; fileEncoding = 4; lastKnownFileType = sourcecode.c.h; path = SIGame.h; sourceTree = "<group>"; };
		630DADE428C5AAAD002918EC /* GameCollectionCell.m */ = {isa = PBXFileReference; fileEncoding = 4; lastKnownFileType = sourcecode.c.objc; path = GameCollectionCell.m; sourceTree = "<group>"; };
/* End PBXFileReference section */

/* Begin PBXFrameworksBuildPhase section */
		630DAD9D28C5AA86002918EC /* Frameworks */ = {
			isa = PBXFrameworksBuildPhase;
			buildActionMask = 2147483647;
			files = (
			);
			runOnlyForDeploymentPostprocessing = 0;
		};
		630DADB828C5AA87002918EC /* Frameworks */ = {
			isa = PBXFrameworksBuildPhase;
			buildActionMask = 2147483647;
			files = (
			);
			runOnlyForDeploymentPostprocessing = 0;
		};
		630DADC228C5AA87002918EC /* Frameworks */ = {
			isa = PBXFrameworksBuildPhase;
			buildActionMask = 2147483647;
			files = (
			);
			runOnlyForDeploymentPostprocessing = 0;
		};
/* End PBXFrameworksBuildPhase section */

/* Begin PBXGroup section */
		630DAD9728C5AA86002918EC = {
			isa = PBXGroup;
			children = (
				630DADA228C5AA86002918EC /* SpotIt */,
				630DADBE28C5AA87002918EC /* SpotItTests */,
				630DADC828C5AA87002918EC /* SpotItUITests */,
				630DADA128C5AA86002918EC /* Products */,
			);
			sourceTree = "<group>";
		};
		630DADA128C5AA86002918EC /* Products */ = {
			isa = PBXGroup;
			children = (
				630DADA028C5AA86002918EC /* SpotIt.app */,
				630DADBB28C5AA87002918EC /* SpotItTests.xctest */,
				630DADC528C5AA87002918EC /* SpotItUITests.xctest */,
			);
			name = Products;
			sourceTree = "<group>";
		};
		630DADA228C5AA86002918EC /* SpotIt */ = {
			isa = PBXGroup;
			children = (
				630DADD828C5AA92002918EC /* Toast */,
				630DADDB28C5AA92002918EC /* UIStyle.h */,
				630DADA328C5AA86002918EC /* AppDelegate.h */,
				630DADA428C5AA86002918EC /* AppDelegate.m */,
				630DADA628C5AA86002918EC /* SceneDelegate.h */,
				630DADA728C5AA86002918EC /* SceneDelegate.m */,
				630DADA928C5AA86002918EC /* ViewController.h */,
				630DADAA28C5AA86002918EC /* ViewController.m */,
				630DADDE28C5AAAD002918EC /* GameCollectionCell.h */,
				630DADE428C5AAAD002918EC /* GameCollectionCell.m */,
				630DADE028C5AAAD002918EC /* NSArray+Random.h */,
				630DADDD28C5AAAD002918EC /* NSArray+Random.m */,
				630DADE128C5AAAD002918EC /* NSArray+String.h */,
				630DADDF28C5AAAD002918EC /* NSArray+String.m */,
				630DADE328C5AAAD002918EC /* SIGame.h */,
				630DADE228C5AAAD002918EC /* SIGame.m */,
				630DADAC28C5AA86002918EC /* Main.storyboard */,
				630DADAF28C5AA87002918EC /* Assets.xcassets */,
				630DADB128C5AA87002918EC /* LaunchScreen.storyboard */,
				630DADB428C5AA87002918EC /* Info.plist */,
				630DADB528C5AA87002918EC /* main.m */,
			);
			path = SpotIt;
			sourceTree = "<group>";
		};
		630DADBE28C5AA87002918EC /* SpotItTests */ = {
			isa = PBXGroup;
			children = (
				630DADBF28C5AA87002918EC /* SpotItTests.m */,
			);
			path = SpotItTests;
			sourceTree = "<group>";
		};
		630DADC828C5AA87002918EC /* SpotItUITests */ = {
			isa = PBXGroup;
			children = (
				630DADC928C5AA87002918EC /* SpotItUITests.m */,
				630DADCB28C5AA87002918EC /* SpotItUITestsLaunchTests.m */,
			);
			path = SpotItUITests;
			sourceTree = "<group>";
		};
		630DADD828C5AA92002918EC /* Toast */ = {
			isa = PBXGroup;
			children = (
				630DADD928C5AA92002918EC /* UIView+Toast.h */,
				630DADDA28C5AA92002918EC /* UIView+Toast.m */,
			);
			path = Toast;
			sourceTree = "<group>";
		};
/* End PBXGroup section */

/* Begin PBXNativeTarget section */
		630DAD9F28C5AA86002918EC /* SpotIt */ = {
			isa = PBXNativeTarget;
			buildConfigurationList = 630DADCF28C5AA87002918EC /* Build configuration list for PBXNativeTarget "SpotIt" */;
			buildPhases = (
				630DAD9C28C5AA86002918EC /* Sources */,
				630DAD9D28C5AA86002918EC /* Frameworks */,
				630DAD9E28C5AA86002918EC /* Resources */,
			);
			buildRules = (
			);
			dependencies = (
			);
			name = SpotIt;
			productName = SpotIt;
			productReference = 630DADA028C5AA86002918EC /* SpotIt.app */;
			productType = "com.apple.product-type.application";
		};
		630DADBA28C5AA87002918EC /* SpotItTests */ = {
			isa = PBXNativeTarget;
			buildConfigurationList = 630DADD228C5AA87002918EC /* Build configuration list for PBXNativeTarget "SpotItTests" */;
			buildPhases = (
				630DADB728C5AA87002918EC /* Sources */,
				630DADB828C5AA87002918EC /* Frameworks */,
				630DADB928C5AA87002918EC /* Resources */,
			);
			buildRules = (
			);
			dependencies = (
				630DADBD28C5AA87002918EC /* PBXTargetDependency */,
			);
			name = SpotItTests;
			productName = SpotItTests;
			productReference = 630DADBB28C5AA87002918EC /* SpotItTests.xctest */;
			productType = "com.apple.product-type.bundle.unit-test";
		};
		630DADC428C5AA87002918EC /* SpotItUITests */ = {
			isa = PBXNativeTarget;
			buildConfigurationList = 630DADD528C5AA87002918EC /* Build configuration list for PBXNativeTarget "SpotItUITests" */;
			buildPhases = (
				630DADC128C5AA87002918EC /* Sources */,
				630DADC228C5AA87002918EC /* Frameworks */,
				630DADC328C5AA87002918EC /* Resources */,
			);
			buildRules = (
			);
			dependencies = (
				630DADC728C5AA87002918EC /* PBXTargetDependency */,
			);
			name = SpotItUITests;
			productName = SpotItUITests;
			productReference = 630DADC528C5AA87002918EC /* SpotItUITests.xctest */;
			productType = "com.apple.product-type.bundle.ui-testing";
		};
/* End PBXNativeTarget section */

/* Begin PBXProject section */
		630DAD9828C5AA86002918EC /* Project object */ = {
			isa = PBXProject;
			attributes = {
				BuildIndependentTargetsInParallel = 1;
				LastUpgradeCheck = 1340;
				TargetAttributes = {
					630DAD9F28C5AA86002918EC = {
						CreatedOnToolsVersion = 13.4.1;
					};
					630DADBA28C5AA87002918EC = {
						CreatedOnToolsVersion = 13.4.1;
						TestTargetID = 630DAD9F28C5AA86002918EC;
					};
					630DADC428C5AA87002918EC = {
						CreatedOnToolsVersion = 13.4.1;
						TestTargetID = 630DAD9F28C5AA86002918EC;
					};
				};
			};
			buildConfigurationList = 630DAD9B28C5AA86002918EC /* Build configuration list for PBXProject "SpotIt" */;
			compatibilityVersion = "Xcode 13.0";
			developmentRegion = en;
			hasScannedForEncodings = 0;
			knownRegions = (
				en,
				Base,
			);
			mainGroup = 630DAD9728C5AA86002918EC;
			productRefGroup = 630DADA128C5AA86002918EC /* Products */;
			projectDirPath = "";
			projectRoot = "";
			targets = (
				630DAD9F28C5AA86002918EC /* SpotIt */,
				630DADBA28C5AA87002918EC /* SpotItTests */,
				630DADC428C5AA87002918EC /* SpotItUITests */,
			);
		};
/* End PBXProject section */

/* Begin PBXResourcesBuildPhase section */
		630DAD9E28C5AA86002918EC /* Resources */ = {
			isa = PBXResourcesBuildPhase;
			buildActionMask = 2147483647;
			files = (
				630DADB328C5AA87002918EC /* LaunchScreen.storyboard in Resources */,
				630DADB028C5AA87002918EC /* Assets.xcassets in Resources */,
				630DADAE28C5AA86002918EC /* Main.storyboard in Resources */,
			);
			runOnlyForDeploymentPostprocessing = 0;
		};
		630DADB928C5AA87002918EC /* Resources */ = {
			isa = PBXResourcesBuildPhase;
			buildActionMask = 2147483647;
			files = (
			);
			runOnlyForDeploymentPostprocessing = 0;
		};
		630DADC328C5AA87002918EC /* Resources */ = {
			isa = PBXResourcesBuildPhase;
			buildActionMask = 2147483647;
			files = (
			);
			runOnlyForDeploymentPostprocessing = 0;
		};
/* End PBXResourcesBuildPhase section */

/* Begin PBXSourcesBuildPhase section */
		630DAD9C28C5AA86002918EC /* Sources */ = {
			isa = PBXSourcesBuildPhase;
			buildActionMask = 2147483647;
			files = (
				630DADE828C5AAAD002918EC /* GameCollectionCell.m in Sources */,
				630DADAB28C5AA86002918EC /* ViewController.m in Sources */,
				630DADE728C5AAAD002918EC /* SIGame.m in Sources */,
				630DADA528C5AA86002918EC /* AppDelegate.m in Sources */,
				630DADB628C5AA87002918EC /* main.m in Sources */,
				630DADE528C5AAAD002918EC /* NSArray+Random.m in Sources */,
				630DADDC28C5AA92002918EC /* UIView+Toast.m in Sources */,
				630DADA828C5AA86002918EC /* SceneDelegate.m in Sources */,
				630DADE628C5AAAD002918EC /* NSArray+String.m in Sources */,
			);
			runOnlyForDeploymentPostprocessing = 0;
		};
		630DADB728C5AA87002918EC /* Sources */ = {
			isa = PBXSourcesBuildPhase;
			buildActionMask = 2147483647;
			files = (
				630DADC028C5AA87002918EC /* SpotItTests.m in Sources */,
			);
			runOnlyForDeploymentPostprocessing = 0;
		};
		630DADC128C5AA87002918EC /* Sources */ = {
			isa = PBXSourcesBuildPhase;
			buildActionMask = 2147483647;
			files = (
				630DADCA28C5AA87002918EC /* SpotItUITests.m in Sources */,
				630DADCC28C5AA87002918EC /* SpotItUITestsLaunchTests.m in Sources */,
			);
			runOnlyForDeploymentPostprocessing = 0;
		};
/* End PBXSourcesBuildPhase section */

/* Begin PBXTargetDependency section */
		630DADBD28C5AA87002918EC /* PBXTargetDependency */ = {
			isa = PBXTargetDependency;
			target = 630DAD9F28C5AA86002918EC /* SpotIt */;
			targetProxy = 630DADBC28C5AA87002918EC /* PBXContainerItemProxy */;
		};
		630DADC728C5AA87002918EC /* PBXTargetDependency */ = {
			isa = PBXTargetDependency;
			target = 630DAD9F28C5AA86002918EC /* SpotIt */;
			targetProxy = 630DADC628C5AA87002918EC /* PBXContainerItemProxy */;
		};
/* End PBXTargetDependency section */

/* Begin PBXVariantGroup section */
		630DADAC28C5AA86002918EC /* Main.storyboard */ = {
			isa = PBXVariantGroup;
			children = (
				630DADAD28C5AA86002918EC /* Base */,
			);
			name = Main.storyboard;
			sourceTree = "<group>";
		};
		630DADB128C5AA87002918EC /* LaunchScreen.storyboard */ = {
			isa = PBXVariantGroup;
			children = (
				630DADB228C5AA87002918EC /* Base */,
			);
			name = LaunchScreen.storyboard;
			sourceTree = "<group>";
		};
/* End PBXVariantGroup section */

/* Begin XCBuildConfiguration section */
		630DADCD28C5AA87002918EC /* Debug */ = {
			isa = XCBuildConfiguration;
			buildSettings = {
				ALWAYS_SEARCH_USER_PATHS = NO;
				CLANG_ANALYZER_NONNULL = YES;
				CLANG_ANALYZER_NUMBER_OBJECT_CONVERSION = YES_AGGRESSIVE;
				CLANG_CXX_LANGUAGE_STANDARD = "gnu++17";
				CLANG_ENABLE_MODULES = YES;
				CLANG_ENABLE_OBJC_ARC = YES;
				CLANG_ENABLE_OBJC_WEAK = YES;
				CLANG_WARN_BLOCK_CAPTURE_AUTORELEASING = YES;
				CLANG_WARN_BOOL_CONVERSION = YES;
				CLANG_WARN_COMMA = YES;
				CLANG_WARN_CONSTANT_CONVERSION = YES;
				CLANG_WARN_DEPRECATED_OBJC_IMPLEMENTATIONS = YES;
				CLANG_WARN_DIRECT_OBJC_ISA_USAGE = YES_ERROR;
				CLANG_WARN_DOCUMENTATION_COMMENTS = YES;
				CLANG_WARN_EMPTY_BODY = YES;
				CLANG_WARN_ENUM_CONVERSION = YES;
				CLANG_WARN_INFINITE_RECURSION = YES;
				CLANG_WARN_INT_CONVERSION = YES;
				CLANG_WARN_NON_LITERAL_NULL_CONVERSION = YES;
				CLANG_WARN_OBJC_IMPLICIT_RETAIN_SELF = YES;
				CLANG_WARN_OBJC_LITERAL_CONVERSION = YES;
				CLANG_WARN_OBJC_ROOT_CLASS = YES_ERROR;
				CLANG_WARN_QUOTED_INCLUDE_IN_FRAMEWORK_HEADER = YES;
				CLANG_WARN_RANGE_LOOP_ANALYSIS = YES;
				CLANG_WARN_STRICT_PROTOTYPES = YES;
				CLANG_WARN_SUSPICIOUS_MOVE = YES;
				CLANG_WARN_UNGUARDED_AVAILABILITY = YES_AGGRESSIVE;
				CLANG_WARN_UNREACHABLE_CODE = YES;
				CLANG_WARN__DUPLICATE_METHOD_MATCH = YES;
				COPY_PHASE_STRIP = NO;
				DEBUG_INFORMATION_FORMAT = dwarf;
				ENABLE_STRICT_OBJC_MSGSEND = YES;
				ENABLE_TESTABILITY = YES;
				GCC_C_LANGUAGE_STANDARD = gnu11;
				GCC_DYNAMIC_NO_PIC = NO;
				GCC_NO_COMMON_BLOCKS = YES;
				GCC_OPTIMIZATION_LEVEL = 0;
				GCC_PREPROCESSOR_DEFINITIONS = (
					"DEBUG=1",
					"$(inherited)",
				);
				GCC_WARN_64_TO_32_BIT_CONVERSION = YES;
				GCC_WARN_ABOUT_RETURN_TYPE = YES_ERROR;
				GCC_WARN_UNDECLARED_SELECTOR = YES;
				GCC_WARN_UNINITIALIZED_AUTOS = YES_AGGRESSIVE;
				GCC_WARN_UNUSED_FUNCTION = YES;
				GCC_WARN_UNUSED_VARIABLE = YES;
				IPHONEOS_DEPLOYMENT_TARGET = 15.5;
				MTL_ENABLE_DEBUG_INFO = INCLUDE_SOURCE;
				MTL_FAST_MATH = YES;
				ONLY_ACTIVE_ARCH = YES;
				SDKROOT = iphoneos;
			};
			name = Debug;
		};
		630DADCE28C5AA87002918EC /* Release */ = {
			isa = XCBuildConfiguration;
			buildSettings = {
				ALWAYS_SEARCH_USER_PATHS = NO;
				CLANG_ANALYZER_NONNULL = YES;
				CLANG_ANALYZER_NUMBER_OBJECT_CONVERSION = YES_AGGRESSIVE;
				CLANG_CXX_LANGUAGE_STANDARD = "gnu++17";
				CLANG_ENABLE_MODULES = YES;
				CLANG_ENABLE_OBJC_ARC = YES;
				CLANG_ENABLE_OBJC_WEAK = YES;
				CLANG_WARN_BLOCK_CAPTURE_AUTORELEASING = YES;
				CLANG_WARN_BOOL_CONVERSION = YES;
				CLANG_WARN_COMMA = YES;
				CLANG_WARN_CONSTANT_CONVERSION = YES;
				CLANG_WARN_DEPRECATED_OBJC_IMPLEMENTATIONS = YES;
				CLANG_WARN_DIRECT_OBJC_ISA_USAGE = YES_ERROR;
				CLANG_WARN_DOCUMENTATION_COMMENTS = YES;
				CLANG_WARN_EMPTY_BODY = YES;
				CLANG_WARN_ENUM_CONVERSION = YES;
				CLANG_WARN_INFINITE_RECURSION = YES;
				CLANG_WARN_INT_CONVERSION = YES;
				CLANG_WARN_NON_LITERAL_NULL_CONVERSION = YES;
				CLANG_WARN_OBJC_IMPLICIT_RETAIN_SELF = YES;
				CLANG_WARN_OBJC_LITERAL_CONVERSION = YES;
				CLANG_WARN_OBJC_ROOT_CLASS = YES_ERROR;
				CLANG_WARN_QUOTED_INCLUDE_IN_FRAMEWORK_HEADER = YES;
				CLANG_WARN_RANGE_LOOP_ANALYSIS = YES;
				CLANG_WARN_STRICT_PROTOTYPES = YES;
				CLANG_WARN_SUSPICIOUS_MOVE = YES;
				CLANG_WARN_UNGUARDED_AVAILABILITY = YES_AGGRESSIVE;
				CLANG_WARN_UNREACHABLE_CODE = YES;
				CLANG_WARN__DUPLICATE_METHOD_MATCH = YES;
				COPY_PHASE_STRIP = NO;
				DEBUG_INFORMATION_FORMAT = "dwarf-with-dsym";
				ENABLE_NS_ASSERTIONS = NO;
				ENABLE_STRICT_OBJC_MSGSEND = YES;
				GCC_C_LANGUAGE_STANDARD = gnu11;
				GCC_NO_COMMON_BLOCKS = YES;
				GCC_WARN_64_TO_32_BIT_CONVERSION = YES;
				GCC_WARN_ABOUT_RETURN_TYPE = YES_ERROR;
				GCC_WARN_UNDECLARED_SELECTOR = YES;
				GCC_WARN_UNINITIALIZED_AUTOS = YES_AGGRESSIVE;
				GCC_WARN_UNUSED_FUNCTION = YES;
				GCC_WARN_UNUSED_VARIABLE = YES;
				IPHONEOS_DEPLOYMENT_TARGET = 15.5;
				MTL_ENABLE_DEBUG_INFO = NO;
				MTL_FAST_MATH = YES;
				SDKROOT = iphoneos;
				VALIDATE_PRODUCT = YES;
			};
			name = Release;
		};
		630DADD028C5AA87002918EC /* Debug */ = {
			isa = XCBuildConfiguration;
			buildSettings = {
				ASSETCATALOG_COMPILER_APPICON_NAME = AppIcon;
				ASSETCATALOG_COMPILER_GLOBAL_ACCENT_COLOR_NAME = AccentColor;
				CODE_SIGN_STYLE = Automatic;
				CURRENT_PROJECT_VERSION = 1;
				DEVELOPMENT_TEAM = 64R6FJSW7Q;
				GENERATE_INFOPLIST_FILE = YES;
				INFOPLIST_FILE = SpotIt/Info.plist;
				INFOPLIST_KEY_UIApplicationSupportsIndirectInputEvents = YES;
				INFOPLIST_KEY_UILaunchStoryboardName = LaunchScreen;
				INFOPLIST_KEY_UIMainStoryboardFile = Main;
				INFOPLIST_KEY_UISupportedInterfaceOrientations_iPad = "UIInterfaceOrientationPortrait UIInterfaceOrientationPortraitUpsideDown UIInterfaceOrientationLandscapeLeft UIInterfaceOrientationLandscapeRight";
				INFOPLIST_KEY_UISupportedInterfaceOrientations_iPhone = "UIInterfaceOrientationPortrait UIInterfaceOrientationLandscapeLeft UIInterfaceOrientationLandscapeRight";
				LD_RUNPATH_SEARCH_PATHS = (
					"$(inherited)",
					"@executable_path/Frameworks",
				);
				MARKETING_VERSION = 1.0;
				PRODUCT_BUNDLE_IDENTIFIER = com.huwen.spotit.SpotIt;
				PRODUCT_NAME = "$(TARGET_NAME)";
				SWIFT_EMIT_LOC_STRINGS = YES;
				TARGETED_DEVICE_FAMILY = "1,2";
			};
			name = Debug;
		};
		630DADD128C5AA87002918EC /* Release */ = {
			isa = XCBuildConfiguration;
			buildSettings = {
				ASSETCATALOG_COMPILER_APPICON_NAME = AppIcon;
				ASSETCATALOG_COMPILER_GLOBAL_ACCENT_COLOR_NAME = AccentColor;
				CODE_SIGN_STYLE = Automatic;
				CURRENT_PROJECT_VERSION = 1;
				DEVELOPMENT_TEAM = 64R6FJSW7Q;
				GENERATE_INFOPLIST_FILE = YES;
				INFOPLIST_FILE = SpotIt/Info.plist;
				INFOPLIST_KEY_UIApplicationSupportsIndirectInputEvents = YES;
				INFOPLIST_KEY_UILaunchStoryboardName = LaunchScreen;
				INFOPLIST_KEY_UIMainStoryboardFile = Main;
				INFOPLIST_KEY_UISupportedInterfaceOrientations_iPad = "UIInterfaceOrientationPortrait UIInterfaceOrientationPortraitUpsideDown UIInterfaceOrientationLandscapeLeft UIInterfaceOrientationLandscapeRight";
				INFOPLIST_KEY_UISupportedInterfaceOrientations_iPhone = "UIInterfaceOrientationPortrait UIInterfaceOrientationLandscapeLeft UIInterfaceOrientationLandscapeRight";
				LD_RUNPATH_SEARCH_PATHS = (
					"$(inherited)",
					"@executable_path/Frameworks",
				);
				MARKETING_VERSION = 1.0;
				PRODUCT_BUNDLE_IDENTIFIER = com.huwen.spotit.SpotIt;
				PRODUCT_NAME = "$(TARGET_NAME)";
				SWIFT_EMIT_LOC_STRINGS = YES;
				TARGETED_DEVICE_FAMILY = "1,2";
			};
			name = Release;
		};
		630DADD328C5AA87002918EC /* Debug */ = {
			isa = XCBuildConfiguration;
			buildSettings = {
				BUNDLE_LOADER = "$(TEST_HOST)";
				CODE_SIGN_STYLE = Automatic;
				CURRENT_PROJECT_VERSION = 1;
				DEVELOPMENT_TEAM = 64R6FJSW7Q;
				GENERATE_INFOPLIST_FILE = YES;
				IPHONEOS_DEPLOYMENT_TARGET = 15.5;
				MARKETING_VERSION = 1.0;
				PRODUCT_BUNDLE_IDENTIFIER = com.huwen.spotit.SpotItTests;
				PRODUCT_NAME = "$(TARGET_NAME)";
				SWIFT_EMIT_LOC_STRINGS = NO;
				TARGETED_DEVICE_FAMILY = "1,2";
				TEST_HOST = "$(BUILT_PRODUCTS_DIR)/SpotIt.app/SpotIt";
			};
			name = Debug;
		};
		630DADD428C5AA87002918EC /* Release */ = {
			isa = XCBuildConfiguration;
			buildSettings = {
				BUNDLE_LOADER = "$(TEST_HOST)";
				CODE_SIGN_STYLE = Automatic;
				CURRENT_PROJECT_VERSION = 1;
				DEVELOPMENT_TEAM = 64R6FJSW7Q;
				GENERATE_INFOPLIST_FILE = YES;
				IPHONEOS_DEPLOYMENT_TARGET = 15.5;
				MARKETING_VERSION = 1.0;
				PRODUCT_BUNDLE_IDENTIFIER = com.huwen.spotit.SpotItTests;
				PRODUCT_NAME = "$(TARGET_NAME)";
				SWIFT_EMIT_LOC_STRINGS = NO;
				TARGETED_DEVICE_FAMILY = "1,2";
				TEST_HOST = "$(BUILT_PRODUCTS_DIR)/SpotIt.app/SpotIt";
			};
			name = Release;
		};
		630DADD628C5AA87002918EC /* Debug */ = {
			isa = XCBuildConfiguration;
			buildSettings = {
				CODE_SIGN_STYLE = Automatic;
				CURRENT_PROJECT_VERSION = 1;
				DEVELOPMENT_TEAM = 64R6FJSW7Q;
				GENERATE_INFOPLIST_FILE = YES;
				MARKETING_VERSION = 1.0;
				PRODUCT_BUNDLE_IDENTIFIER = com.huwen.spotit.SpotItUITests;
				PRODUCT_NAME = "$(TARGET_NAME)";
				SWIFT_EMIT_LOC_STRINGS = NO;
				TARGETED_DEVICE_FAMILY = "1,2";
				TEST_TARGET_NAME = SpotIt;
			};
			name = Debug;
		};
		630DADD728C5AA87002918EC /* Release */ = {
			isa = XCBuildConfiguration;
			buildSettings = {
				CODE_SIGN_STYLE = Automatic;
				CURRENT_PROJECT_VERSION = 1;
				DEVELOPMENT_TEAM = 64R6FJSW7Q;
				GENERATE_INFOPLIST_FILE = YES;
				MARKETING_VERSION = 1.0;
				PRODUCT_BUNDLE_IDENTIFIER = com.huwen.spotit.SpotItUITests;
				PRODUCT_NAME = "$(TARGET_NAME)";
				SWIFT_EMIT_LOC_STRINGS = NO;
				TARGETED_DEVICE_FAMILY = "1,2";
				TEST_TARGET_NAME = SpotIt;
			};
			name = Release;
		};
/* End XCBuildConfiguration section */

/* Begin XCConfigurationList section */
		630DAD9B28C5AA86002918EC /* Build configuration list for PBXProject "SpotIt" */ = {
			isa = XCConfigurationList;
			buildConfigurations = (
				630DADCD28C5AA87002918EC /* Debug */,
				630DADCE28C5AA87002918EC /* Release */,
			);
			defaultConfigurationIsVisible = 0;
			defaultConfigurationName = Release;
		};
		630DADCF28C5AA87002918EC /* Build configuration list for PBXNativeTarget "SpotIt" */ = {
			isa = XCConfigurationList;
			buildConfigurations = (
				630DADD028C5AA87002918EC /* Debug */,
				630DADD128C5AA87002918EC /* Release */,
			);
			defaultConfigurationIsVisible = 0;
			defaultConfigurationName = Release;
		};
		630DADD228C5AA87002918EC /* Build configuration list for PBXNativeTarget "SpotItTests" */ = {
			isa = XCConfigurationList;
			buildConfigurations = (
				630DADD328C5AA87002918EC /* Debug */,
				630DADD428C5AA87002918EC /* Release */,
			);
			defaultConfigurationIsVisible = 0;
			defaultConfigurationName = Release;
		};
		630DADD528C5AA87002918EC /* Build configuration list for PBXNativeTarget "SpotItUITests" */ = {
			isa = XCConfigurationList;
			buildConfigurations = (
				630DADD628C5AA87002918EC /* Debug */,
				630DADD728C5AA87002918EC /* Release */,
			);
			defaultConfigurationIsVisible = 0;
			defaultConfigurationName = Release;
		};
/* End XCConfigurationList section */
	};
	rootObject = 630DAD9828C5AA86002918EC /* Project object */;
}
